// !$*UTF8*$!
{
	archiveVersion = 1;
	classes = {
	};
	objectVersion = 50;
	objects = {

/* Begin PBXBuildFile section */
		8A31A5BF229FBA0D0035DEA1 /* AppDelegate.swift in Sources */ = {isa = PBXBuildFile; fileRef = 8A31A5BE229FBA0D0035DEA1 /* AppDelegate.swift */; };
		8A31A5C1229FBA0D0035DEA1 /* ViewController.swift in Sources */ = {isa = PBXBuildFile; fileRef = 8A31A5C0229FBA0D0035DEA1 /* ViewController.swift */; };
		8A31A5C4229FBA0D0035DEA1 /* Main.storyboard in Resources */ = {isa = PBXBuildFile; fileRef = 8A31A5C2229FBA0D0035DEA1 /* Main.storyboard */; };
		8A31A5C6229FBA0E0035DEA1 /* Assets.xcassets in Resources */ = {isa = PBXBuildFile; fileRef = 8A31A5C5229FBA0E0035DEA1 /* Assets.xcassets */; };
		8A31A5C9229FBA0F0035DEA1 /* LaunchScreen.storyboard in Resources */ = {isa = PBXBuildFile; fileRef = 8A31A5C7229FBA0F0035DEA1 /* LaunchScreen.storyboard */; };
		8A31A5D4229FBA0F0035DEA1 /* Hotel_ReservationTests.swift in Sources */ = {isa = PBXBuildFile; fileRef = 8A31A5D3229FBA0F0035DEA1 /* Hotel_ReservationTests.swift */; };
		8A31A5DF229FBA510035DEA1 /* Room.swift in Sources */ = {isa = PBXBuildFile; fileRef = 8A31A5DE229FBA510035DEA1 /* Room.swift */; };
/* End PBXBuildFile section */

/* Begin PBXContainerItemProxy section */
		8A31A5D0229FBA0F0035DEA1 /* PBXContainerItemProxy */ = {
			isa = PBXContainerItemProxy;
			containerPortal = 8A31A5B3229FBA0D0035DEA1 /* Project object */;
			proxyType = 1;
			remoteGlobalIDString = 8A31A5BA229FBA0D0035DEA1;
			remoteInfo = "Hotel Reservation";
		};
/* End PBXContainerItemProxy section */

/* Begin PBXFileReference section */
		8A31A5BB229FBA0D0035DEA1 /* Hotel Reservation.app */ = {isa = PBXFileReference; explicitFileType = wrapper.application; includeInIndex = 0; path = "Hotel Reservation.app"; sourceTree = BUILT_PRODUCTS_DIR; };
		8A31A5BE229FBA0D0035DEA1 /* AppDelegate.swift */ = {isa = PBXFileReference; lastKnownFileType = sourcecode.swift; path = AppDelegate.swift; sourceTree = "<group>"; };
		8A31A5C0229FBA0D0035DEA1 /* ViewController.swift */ = {isa = PBXFileReference; lastKnownFileType = sourcecode.swift; path = ViewController.swift; sourceTree = "<group>"; };
		8A31A5C3229FBA0D0035DEA1 /* Base */ = {isa = PBXFileReference; lastKnownFileType = file.storyboard; name = Base; path = Base.lproj/Main.storyboard; sourceTree = "<group>"; };
		8A31A5C5229FBA0E0035DEA1 /* Assets.xcassets */ = {isa = PBXFileReference; lastKnownFileType = folder.assetcatalog; path = Assets.xcassets; sourceTree = "<group>"; };
		8A31A5C8229FBA0F0035DEA1 /* Base */ = {isa = PBXFileReference; lastKnownFileType = file.storyboard; name = Base; path = Base.lproj/LaunchScreen.storyboard; sourceTree = "<group>"; };
		8A31A5CA229FBA0F0035DEA1 /* Info.plist */ = {isa = PBXFileReference; lastKnownFileType = text.plist.xml; path = Info.plist; sourceTree = "<group>"; };
		8A31A5CF229FBA0F0035DEA1 /* Hotel ReservationTests.xctest */ = {isa = PBXFileReference; explicitFileType = wrapper.cfbundle; includeInIndex = 0; path = "Hotel ReservationTests.xctest"; sourceTree = BUILT_PRODUCTS_DIR; };
		8A31A5D3229FBA0F0035DEA1 /* Hotel_ReservationTests.swift */ = {isa = PBXFileReference; lastKnownFileType = sourcecode.swift; path = Hotel_ReservationTests.swift; sourceTree = "<group>"; };
		8A31A5D5229FBA0F0035DEA1 /* Info.plist */ = {isa = PBXFileReference; lastKnownFileType = text.plist.xml; path = Info.plist; sourceTree = "<group>"; };
		8A31A5DE229FBA510035DEA1 /* Room.swift */ = {isa = PBXFileReference; lastKnownFileType = sourcecode.swift; path = Room.swift; sourceTree = "<group>"; };
/* End PBXFileReference section */

/* Begin PBXFrameworksBuildPhase section */
		8A31A5B8229FBA0D0035DEA1 /* Frameworks */ = {
			isa = PBXFrameworksBuildPhase;
			buildActionMask = 2147483647;
			files = (
			);
			runOnlyForDeploymentPostprocessing = 0;
		};
		8A31A5CC229FBA0F0035DEA1 /* Frameworks */ = {
			isa = PBXFrameworksBuildPhase;
			buildActionMask = 2147483647;
			files = (
			);
			runOnlyForDeploymentPostprocessing = 0;
		};
/* End PBXFrameworksBuildPhase section */

/* Begin PBXGroup section */
		8A31A5B2229FBA0D0035DEA1 = {
			isa = PBXGroup;
			children = (
				8A31A5BD229FBA0D0035DEA1 /* Hotel Reservation */,
				8A31A5D2229FBA0F0035DEA1 /* Hotel ReservationTests */,
				8A31A5BC229FBA0D0035DEA1 /* Products */,
			);
			sourceTree = "<group>";
		};
		8A31A5BC229FBA0D0035DEA1 /* Products */ = {
			isa = PBXGroup;
			children = (
				8A31A5BB229FBA0D0035DEA1 /* Hotel Reservation.app */,
				8A31A5CF229FBA0F0035DEA1 /* Hotel ReservationTests.xctest */,
			);
			name = Products;
			sourceTree = "<group>";
		};
		8A31A5BD229FBA0D0035DEA1 /* Hotel Reservation */ = {
			isa = PBXGroup;
			children = (
				8A31A5BE229FBA0D0035DEA1 /* AppDelegate.swift */,
				8A31A5C0229FBA0D0035DEA1 /* ViewController.swift */,
				8A31A5C2229FBA0D0035DEA1 /* Main.storyboard */,
				8A31A5C5229FBA0E0035DEA1 /* Assets.xcassets */,
				8A31A5C7229FBA0F0035DEA1 /* LaunchScreen.storyboard */,
				8A31A5CA229FBA0F0035DEA1 /* Info.plist */,
				8A31A5DE229FBA510035DEA1 /* Room.swift */,
			);
			path = "Hotel Reservation";
			sourceTree = "<group>";
		};
		8A31A5D2229FBA0F0035DEA1 /* Hotel ReservationTests */ = {
			isa = PBXGroup;
			children = (
				8A31A5D3229FBA0F0035DEA1 /* Hotel_ReservationTests.swift */,
				8A31A5D5229FBA0F0035DEA1 /* Info.plist */,
			);
			path = "Hotel ReservationTests";
			sourceTree = "<group>";
		};
/* End PBXGroup section */

/* Begin PBXNativeTarget section */
		8A31A5BA229FBA0D0035DEA1 /* Hotel Reservation */ = {
			isa = PBXNativeTarget;
			buildConfigurationList = 8A31A5D8229FBA0F0035DEA1 /* Build configuration list for PBXNativeTarget "Hotel Reservation" */;
			buildPhases = (
				8A31A5B7229FBA0D0035DEA1 /* Sources */,
				8A31A5B8229FBA0D0035DEA1 /* Frameworks */,
				8A31A5B9229FBA0D0035DEA1 /* Resources */,
			);
			buildRules = (
			);
			dependencies = (
			);
			name = "Hotel Reservation";
			productName = "Hotel Reservation";
			productReference = 8A31A5BB229FBA0D0035DEA1 /* Hotel Reservation.app */;
			productType = "com.apple.product-type.application";
		};
		8A31A5CE229FBA0F0035DEA1 /* Hotel ReservationTests */ = {
			isa = PBXNativeTarget;
			buildConfigurationList = 8A31A5DB229FBA0F0035DEA1 /* Build configuration list for PBXNativeTarget "Hotel ReservationTests" */;
			buildPhases = (
				8A31A5CB229FBA0F0035DEA1 /* Sources */,
				8A31A5CC229FBA0F0035DEA1 /* Frameworks */,
				8A31A5CD229FBA0F0035DEA1 /* Resources */,
			);
			buildRules = (
			);
			dependencies = (
				8A31A5D1229FBA0F0035DEA1 /* PBXTargetDependency */,
			);
			name = "Hotel ReservationTests";
			productName = "Hotel ReservationTests";
			productReference = 8A31A5CF229FBA0F0035DEA1 /* Hotel ReservationTests.xctest */;
			productType = "com.apple.product-type.bundle.unit-test";
		};
/* End PBXNativeTarget section */

/* Begin PBXProject section */
		8A31A5B3229FBA0D0035DEA1 /* Project object */ = {
			isa = PBXProject;
			attributes = {
				LastSwiftUpdateCheck = 1020;
				LastUpgradeCheck = 1020;
				ORGANIZATIONNAME = "Eric Roca";
				TargetAttributes = {
					8A31A5BA229FBA0D0035DEA1 = {
						CreatedOnToolsVersion = 10.2.1;
					};
					8A31A5CE229FBA0F0035DEA1 = {
						CreatedOnToolsVersion = 10.2.1;
						TestTargetID = 8A31A5BA229FBA0D0035DEA1;
					};
				};
			};
			buildConfigurationList = 8A31A5B6229FBA0D0035DEA1 /* Build configuration list for PBXProject "Hotel Reservation" */;
			compatibilityVersion = "Xcode 9.3";
			developmentRegion = en;
			hasScannedForEncodings = 0;
			knownRegions = (
				en,
				Base,
			);
			mainGroup = 8A31A5B2229FBA0D0035DEA1;
			productRefGroup = 8A31A5BC229FBA0D0035DEA1 /* Products */;
			projectDirPath = "";
			projectRoot = "";
			targets = (
				8A31A5BA229FBA0D0035DEA1 /* Hotel Reservation */,
				8A31A5CE229FBA0F0035DEA1 /* Hotel ReservationTests */,
			);
		};
/* End PBXProject section */

/* Begin PBXResourcesBuildPhase section */
		8A31A5B9229FBA0D0035DEA1 /* Resources */ = {
			isa = PBXResourcesBuildPhase;
			buildActionMask = 2147483647;
			files = (
				8A31A5C9229FBA0F0035DEA1 /* LaunchScreen.storyboard in Resources */,
				8A31A5C6229FBA0E0035DEA1 /* Assets.xcassets in Resources */,
				8A31A5C4229FBA0D0035DEA1 /* Main.storyboard in Resources */,
			);
			runOnlyForDeploymentPostprocessing = 0;
		};
		8A31A5CD229FBA0F0035DEA1 /* Resources */ = {
			isa = PBXResourcesBuildPhase;
			buildActionMask = 2147483647;
			files = (
			);
			runOnlyForDeploymentPostprocessing = 0;
		};
/* End PBXResourcesBuildPhase section */

/* Begin PBXSourcesBuildPhase section */
		8A31A5B7229FBA0D0035DEA1 /* Sources */ = {
			isa = PBXSourcesBuildPhase;
			buildActionMask = 2147483647;
			files = (
				8A31A5C1229FBA0D0035DEA1 /* ViewController.swift in Sources */,
				8A31A5BF229FBA0D0035DEA1 /* AppDelegate.swift in Sources */,
				8A31A5DF229FBA510035DEA1 /* Room.swift in Sources */,
			);
			runOnlyForDeploymentPostprocessing = 0;
		};
		8A31A5CB229FBA0F0035DEA1 /* Sources */ = {
			isa = PBXSourcesBuildPhase;
			buildActionMask = 2147483647;
			files = (
				8A31A5D4229FBA0F0035DEA1 /* Hotel_ReservationTests.swift in Sources */,
			);
			runOnlyForDeploymentPostprocessing = 0;
		};
/* End PBXSourcesBuildPhase section */

/* Begin PBXTargetDependency section */
		8A31A5D1229FBA0F0035DEA1 /* PBXTargetDependency */ = {
			isa = PBXTargetDependency;
			target = 8A31A5BA229FBA0D0035DEA1 /* Hotel Reservation */;
			targetProxy = 8A31A5D0229FBA0F0035DEA1 /* PBXContainerItemProxy */;
		};
/* End PBXTargetDependency section */

/* Begin PBXVariantGroup section */
		8A31A5C2229FBA0D0035DEA1 /* Main.storyboard */ = {
			isa = PBXVariantGroup;
			children = (
				8A31A5C3229FBA0D0035DEA1 /* Base */,
			);
			name = Main.storyboard;
			sourceTree = "<group>";
		};
		8A31A5C7229FBA0F0035DEA1 /* LaunchScreen.storyboard */ = {
			isa = PBXVariantGroup;
			children = (
				8A31A5C8229FBA0F0035DEA1 /* Base */,
			);
			name = LaunchScreen.storyboard;
			sourceTree = "<group>";
		};
/* End PBXVariantGroup section */

/* Begin XCBuildConfiguration section */
		8A31A5D6229FBA0F0035DEA1 /* Debug */ = {
			isa = XCBuildConfiguration;
			buildSettings = {
				ALWAYS_SEARCH_USER_PATHS = NO;
				CLANG_ANALYZER_NONNULL = YES;
				CLANG_ANALYZER_NUMBER_OBJECT_CONVERSION = YES_AGGRESSIVE;
				CLANG_CXX_LANGUAGE_STANDARD = "gnu++14";
				CLANG_CXX_LIBRARY = "libc++";
				CLANG_ENABLE_MODULES = YES;
				CLANG_ENABLE_OBJC_ARC = YES;
				CLANG_ENABLE_OBJC_WEAK = YES;
				CLANG_WARN_BLOCK_CAPTURE_AUTORELEASING = YES;
				CLANG_WARN_BOOL_CONVERSION = YES;
				CLANG_WARN_COMMA = YES;
				CLANG_WARN_CONSTANT_CONVERSION = YES;
				CLANG_WARN_DEPRECATED_OBJC_IMPLEMENTATIONS = YES;
				CLANG_WARN_DIRECT_OBJC_ISA_USAGE = YES_ERROR;
				CLANG_WARN_DOCUMENTATION_COMMENTS = YES;
				CLANG_WARN_EMPTY_BODY = YES;
				CLANG_WARN_ENUM_CONVERSION = YES;
				CLANG_WARN_INFINITE_RECURSION = YES;
				CLANG_WARN_INT_CONVERSION = YES;
				CLANG_WARN_NON_LITERAL_NULL_CONVERSION = YES;
				CLANG_WARN_OBJC_IMPLICIT_RETAIN_SELF = YES;
				CLANG_WARN_OBJC_LITERAL_CONVERSION = YES;
				CLANG_WARN_OBJC_ROOT_CLASS = YES_ERROR;
				CLANG_WARN_RANGE_LOOP_ANALYSIS = YES;
				CLANG_WARN_STRICT_PROTOTYPES = YES;
				CLANG_WARN_SUSPICIOUS_MOVE = YES;
				CLANG_WARN_UNGUARDED_AVAILABILITY = YES_AGGRESSIVE;
				CLANG_WARN_UNREACHABLE_CODE = YES;
				CLANG_WARN__DUPLICATE_METHOD_MATCH = YES;
				CODE_SIGN_IDENTITY = "iPhone Developer";
				COPY_PHASE_STRIP = NO;
				DEBUG_INFORMATION_FORMAT = dwarf;
				ENABLE_STRICT_OBJC_MSGSEND = YES;
				ENABLE_TESTABILITY = YES;
				GCC_C_LANGUAGE_STANDARD = gnu11;
				GCC_DYNAMIC_NO_PIC = NO;
				GCC_NO_COMMON_BLOCKS = YES;
				GCC_OPTIMIZATION_LEVEL = 0;
				GCC_PREPROCESSOR_DEFINITIONS = (
					"DEBUG=1",
					"$(inherited)",
				);
				GCC_WARN_64_TO_32_BIT_CONVERSION = YES;
				GCC_WARN_ABOUT_RETURN_TYPE = YES_ERROR;
				GCC_WARN_UNDECLARED_SELECTOR = YES;
				GCC_WARN_UNINITIALIZED_AUTOS = YES_AGGRESSIVE;
				GCC_WARN_UNUSED_FUNCTION = YES;
				GCC_WARN_UNUSED_VARIABLE = YES;
				IPHONEOS_DEPLOYMENT_TARGET = 12.2;
				MTL_ENABLE_DEBUG_INFO = INCLUDE_SOURCE;
				MTL_FAST_MATH = YES;
				ONLY_ACTIVE_ARCH = YES;
				SDKROOT = iphoneos;
				SWIFT_ACTIVE_COMPILATION_CONDITIONS = DEBUG;
				SWIFT_OPTIMIZATION_LEVEL = "-Onone";
			};
			name = Debug;
		};
		8A31A5D7229FBA0F0035DEA1 /* Release */ = {
			isa = XCBuildConfiguration;
			buildSettings = {
				ALWAYS_SEARCH_USER_PATHS = NO;
				CLANG_ANALYZER_NONNULL = YES;
				CLANG_ANALYZER_NUMBER_OBJECT_CONVERSION = YES_AGGRESSIVE;
				CLANG_CXX_LANGUAGE_STANDARD = "gnu++14";
				CLANG_CXX_LIBRARY = "libc++";
				CLANG_ENABLE_MODULES = YES;
				CLANG_ENABLE_OBJC_ARC = YES;
				CLANG_ENABLE_OBJC_WEAK = YES;
				CLANG_WARN_BLOCK_CAPTURE_AUTORELEASING = YES;
				CLANG_WARN_BOOL_CONVERSION = YES;
				CLANG_WARN_COMMA = YES;
				CLANG_WARN_CONSTANT_CONVERSION = YES;
				CLANG_WARN_DEPRECATED_OBJC_IMPLEMENTATIONS = YES;
				CLANG_WARN_DIRECT_OBJC_ISA_USAGE = YES_ERROR;
				CLANG_WARN_DOCUMENTATION_COMMENTS = YES;
				CLANG_WARN_EMPTY_BODY = YES;
				CLANG_WARN_ENUM_CONVERSION = YES;
				CLANG_WARN_INFINITE_RECURSION = YES;
				CLANG_WARN_INT_CONVERSION = YES;
				CLANG_WARN_NON_LITERAL_NULL_CONVERSION = YES;
				CLANG_WARN_OBJC_IMPLICIT_RETAIN_SELF = YES;
				CLANG_WARN_OBJC_LITERAL_CONVERSION = YES;
				CLANG_WARN_OBJC_ROOT_CLASS = YES_ERROR;
				CLANG_WARN_RANGE_LOOP_ANALYSIS = YES;
				CLANG_WARN_STRICT_PROTOTYPES = YES;
				CLANG_WARN_SUSPICIOUS_MOVE = YES;
				CLANG_WARN_UNGUARDED_AVAILABILITY = YES_AGGRESSIVE;
				CLANG_WARN_UNREACHABLE_CODE = YES;
				CLANG_WARN__DUPLICATE_METHOD_MATCH = YES;
				CODE_SIGN_IDENTITY = "iPhone Developer";
				COPY_PHASE_STRIP = NO;
				DEBUG_INFORMATION_FORMAT = "dwarf-with-dsym";
				ENABLE_NS_ASSERTIONS = NO;
				ENABLE_STRICT_OBJC_MSGSEND = YES;
				GCC_C_LANGUAGE_STANDARD = gnu11;
				GCC_NO_COMMON_BLOCKS = YES;
				GCC_WARN_64_TO_32_BIT_CONVERSION = YES;
				GCC_WARN_ABOUT_RETURN_TYPE = YES_ERROR;
				GCC_WARN_UNDECLARED_SELECTOR = YES;
				GCC_WARN_UNINITIALIZED_AUTOS = YES_AGGRESSIVE;
				GCC_WARN_UNUSED_FUNCTION = YES;
				GCC_WARN_UNUSED_VARIABLE = YES;
				IPHONEOS_DEPLOYMENT_TARGET = 12.2;
				MTL_ENABLE_DEBUG_INFO = NO;
				MTL_FAST_MATH = YES;
				SDKROOT = iphoneos;
				SWIFT_COMPILATION_MODE = wholemodule;
				SWIFT_OPTIMIZATION_LEVEL = "-O";
				VALIDATE_PRODUCT = YES;
			};
			name = Release;
		};
		8A31A5D9229FBA0F0035DEA1 /* Debug */ = {
			isa = XCBuildConfiguration;
			buildSettings = {
				ASSETCATALOG_COMPILER_APPICON_NAME = AppIcon;
				CODE_SIGN_STYLE = Automatic;
				DEVELOPMENT_TEAM = 95U3MFANRK;
				INFOPLIST_FILE = "Hotel Reservation/Info.plist";
				LD_RUNPATH_SEARCH_PATHS = (
					"$(inherited)",
					"@executable_path/Frameworks",
				);
				PRODUCT_BUNDLE_IDENTIFIER = "com.ericroca.Hotel-Reservation";
				PRODUCT_NAME = "$(TARGET_NAME)";
				SWIFT_VERSION = 5.0;
				TARGETED_DEVICE_FAMILY = "1,2";
			};
			name = Debug;
		};
		8A31A5DA229FBA0F0035DEA1 /* Release */ = {
			isa = XCBuildConfiguration;
			buildSettings = {
				ASSETCATALOG_COMPILER_APPICON_NAME = AppIcon;
				CODE_SIGN_STYLE = Automatic;
				DEVELOPMENT_TEAM = 95U3MFANRK;
				INFOPLIST_FILE = "Hotel Reservation/Info.plist";
				LD_RUNPATH_SEARCH_PATHS = (
					"$(inherited)",
					"@executable_path/Frameworks",
				);
				PRODUCT_BUNDLE_IDENTIFIER = "com.ericroca.Hotel-Reservation";
				PRODUCT_NAME = "$(TARGET_NAME)";
				SWIFT_VERSION = 5.0;
				TARGETED_DEVICE_FAMILY = "1,2";
			};
			name = Release;
		};
		8A31A5DC229FBA0F0035DEA1 /* Debug */ = {
			isa = XCBuildConfiguration;
			buildSettings = {
				ALWAYS_EMBED_SWIFT_STANDARD_LIBRARIES = YES;
				BUNDLE_LOADER = "$(TEST_HOST)";
				CODE_SIGN_STYLE = Automatic;
				DEVELOPMENT_TEAM = 95U3MFANRK;
				INFOPLIST_FILE = "Hotel ReservationTests/Info.plist";
				LD_RUNPATH_SEARCH_PATHS = (
					"$(inherited)",
					"@executable_path/Frameworks",
					"@loader_path/Frameworks",
				);
				PRODUCT_BUNDLE_IDENTIFIER = "com.ericroca.Hotel-ReservationTests";
				PRODUCT_NAME = "$(TARGET_NAME)";
				SWIFT_VERSION = 5.0;
				TARGETED_DEVICE_FAMILY = "1,2";
				TEST_HOST = "$(BUILT_PRODUCTS_DIR)/Hotel Reservation.app/Hotel Reservation";
			};
			name = Debug;
		};
		8A31A5DD229FBA0F0035DEA1 /* Release */ = {
			isa = XCBuildConfiguration;
			buildSettings = {
				ALWAYS_EMBED_SWIFT_STANDARD_LIBRARIES = YES;
				BUNDLE_LOADER = "$(TEST_HOST)";
				CODE_SIGN_STYLE = Automatic;
				DEVELOPMENT_TEAM = 95U3MFANRK;
				INFOPLIST_FILE = "Hotel ReservationTests/Info.plist";
				LD_RUNPATH_SEARCH_PATHS = (
					"$(inherited)",
					"@executable_path/Frameworks",
					"@loader_path/Frameworks",
				);
				PRODUCT_BUNDLE_IDENTIFIER = "com.ericroca.Hotel-ReservationTests";
				PRODUCT_NAME = "$(TARGET_NAME)";
				SWIFT_VERSION = 5.0;
				TARGETED_DEVICE_FAMILY = "1,2";
				TEST_HOST = "$(BUILT_PRODUCTS_DIR)/Hotel Reservation.app/Hotel Reservation";
			};
			name = Release;
		};
/* End XCBuildConfiguration section */

/* Begin XCConfigurationList section */
		8A31A5B6229FBA0D0035DEA1 /* Build configuration list for PBXProject "Hotel Reservation" */ = {
			isa = XCConfigurationList;
			buildConfigurations = (
				8A31A5D6229FBA0F0035DEA1 /* Debug */,
				8A31A5D7229FBA0F0035DEA1 /* Release */,
			);
			defaultConfigurationIsVisible = 0;
			defaultConfigurationName = Release;
		};
		8A31A5D8229FBA0F0035DEA1 /* Build configuration list for PBXNativeTarget "Hotel Reservation" */ = {
			isa = XCConfigurationList;
			buildConfigurations = (
				8A31A5D9229FBA0F0035DEA1 /* Debug */,
				8A31A5DA229FBA0F0035DEA1 /* Release */,
			);
			defaultConfigurationIsVisible = 0;
			defaultConfigurationName = Release;
		};
		8A31A5DB229FBA0F0035DEA1 /* Build configuration list for PBXNativeTarget "Hotel ReservationTests" */ = {
			isa = XCConfigurationList;
			buildConfigurations = (
				8A31A5DC229FBA0F0035DEA1 /* Debug */,
				8A31A5DD229FBA0F0035DEA1 /* Release */,
			);
			defaultConfigurationIsVisible = 0;
			defaultConfigurationName = Release;
		};
/* End XCConfigurationList section */
	};
	rootObject = 8A31A5B3229FBA0D0035DEA1 /* Project object */;
}
